// !$*UTF8*$!
{
	archiveVersion = 1;
	classes = {
	};
	objectVersion = 56;
	objects = {

/* Begin PBXBuildFile section */
		6A191DB92A79AFDC00D39CEA /* Partner_practiceApp.swift in Sources */ = {isa = PBXBuildFile; fileRef = 6A191DB82A79AFDC00D39CEA /* Partner_practiceApp.swift */; };
		6A191DBB2A79AFDC00D39CEA /* ContentView.swift in Sources */ = {isa = PBXBuildFile; fileRef = 6A191DBA2A79AFDC00D39CEA /* ContentView.swift */; };
		6A191DBD2A79AFE000D39CEA /* Assets.xcassets in Resources */ = {isa = PBXBuildFile; fileRef = 6A191DBC2A79AFE000D39CEA /* Assets.xcassets */; };
		6A191DC02A79AFE000D39CEA /* Preview Assets.xcassets in Resources */ = {isa = PBXBuildFile; fileRef = 6A191DBF2A79AFE000D39CEA /* Preview Assets.xcassets */; };
		6AD054AC2A7C1A8600EFFF5C /* SecondPage.swift in Sources */ = {isa = PBXBuildFile; fileRef = 6AD054AB2A7C1A8600EFFF5C /* SecondPage.swift */; };
		6AD054AE2A7C1B6E00EFFF5C /* Globalitem.swift in Sources */ = {isa = PBXBuildFile; fileRef = 6AD054AD2A7C1B6E00EFFF5C /* Globalitem.swift */; };
		6AD054B02A7C24B600EFFF5C /* NorthAmerica.swift in Sources */ = {isa = PBXBuildFile; fileRef = 6AD054AF2A7C24B600EFFF5C /* NorthAmerica.swift */; };
		6AD054B22A7C2B4E00EFFF5C /* SouthAmerica.swift in Sources */ = {isa = PBXBuildFile; fileRef = 6AD054B12A7C2B4E00EFFF5C /* SouthAmerica.swift */; };
		6AD054B42A7C2B8900EFFF5C /* Europe.swift in Sources */ = {isa = PBXBuildFile; fileRef = 6AD054B32A7C2B8900EFFF5C /* Europe.swift */; };
		6AD054BC2A7C44C600EFFF5C /* US.swift in Sources */ = {isa = PBXBuildFile; fileRef = 6AD054BB2A7C44C600EFFF5C /* US.swift */; };
		6AD054BE2A7C4CA600EFFF5C /* Canada.swift in Sources */ = {isa = PBXBuildFile; fileRef = 6AD054BD2A7C4CA600EFFF5C /* Canada.swift */; };
		6AD054C02A7C4EB000EFFF5C /* Argentina.swift in Sources */ = {isa = PBXBuildFile; fileRef = 6AD054BF2A7C4EB000EFFF5C /* Argentina.swift */; };
		6AD054C22A7C4EC900EFFF5C /* Colombia.swift in Sources */ = {isa = PBXBuildFile; fileRef = 6AD054C12A7C4EC900EFFF5C /* Colombia.swift */; };
		6AD054C42A7C4ED500EFFF5C /* Norway.swift in Sources */ = {isa = PBXBuildFile; fileRef = 6AD054C32A7C4ED500EFFF5C /* Norway.swift */; };
		6AD054C62A7C4EE600EFFF5C /* Romania.swift in Sources */ = {isa = PBXBuildFile; fileRef = 6AD054C52A7C4EE600EFFF5C /* Romania.swift */; };
/* End PBXBuildFile section */

/* Begin PBXFileReference section */
		6A191DB52A79AFDC00D39CEA /* Partner practice.app */ = {isa = PBXFileReference; explicitFileType = wrapper.application; includeInIndex = 0; path = "Partner practice.app"; sourceTree = BUILT_PRODUCTS_DIR; };
		6A191DB82A79AFDC00D39CEA /* Partner_practiceApp.swift */ = {isa = PBXFileReference; lastKnownFileType = sourcecode.swift; path = Partner_practiceApp.swift; sourceTree = "<group>"; };
		6A191DBA2A79AFDC00D39CEA /* ContentView.swift */ = {isa = PBXFileReference; lastKnownFileType = sourcecode.swift; path = ContentView.swift; sourceTree = "<group>"; };
		6A191DBC2A79AFE000D39CEA /* Assets.xcassets */ = {isa = PBXFileReference; lastKnownFileType = folder.assetcatalog; path = Assets.xcassets; sourceTree = "<group>"; };
		6A191DBF2A79AFE000D39CEA /* Preview Assets.xcassets */ = {isa = PBXFileReference; lastKnownFileType = folder.assetcatalog; path = "Preview Assets.xcassets"; sourceTree = "<group>"; };
		6AD054AB2A7C1A8600EFFF5C /* SecondPage.swift */ = {isa = PBXFileReference; lastKnownFileType = sourcecode.swift; path = SecondPage.swift; sourceTree = "<group>"; };
		6AD054AD2A7C1B6E00EFFF5C /* Globalitem.swift */ = {isa = PBXFileReference; lastKnownFileType = sourcecode.swift; path = Globalitem.swift; sourceTree = "<group>"; };
		6AD054AF2A7C24B600EFFF5C /* NorthAmerica.swift */ = {isa = PBXFileReference; lastKnownFileType = sourcecode.swift; path = NorthAmerica.swift; sourceTree = "<group>"; };
		6AD054B12A7C2B4E00EFFF5C /* SouthAmerica.swift */ = {isa = PBXFileReference; lastKnownFileType = sourcecode.swift; path = SouthAmerica.swift; sourceTree = "<group>"; };
		6AD054B32A7C2B8900EFFF5C /* Europe.swift */ = {isa = PBXFileReference; lastKnownFileType = sourcecode.swift; path = Europe.swift; sourceTree = "<group>"; };
		6AD054BB2A7C44C600EFFF5C /* US.swift */ = {isa = PBXFileReference; lastKnownFileType = sourcecode.swift; path = US.swift; sourceTree = "<group>"; };
		6AD054BD2A7C4CA600EFFF5C /* Canada.swift */ = {isa = PBXFileReference; lastKnownFileType = sourcecode.swift; path = Canada.swift; sourceTree = "<group>"; };
		6AD054BF2A7C4EB000EFFF5C /* Argentina.swift */ = {isa = PBXFileReference; lastKnownFileType = sourcecode.swift; path = Argentina.swift; sourceTree = "<group>"; };
		6AD054C12A7C4EC900EFFF5C /* Colombia.swift */ = {isa = PBXFileReference; lastKnownFileType = sourcecode.swift; path = Colombia.swift; sourceTree = "<group>"; };
		6AD054C32A7C4ED500EFFF5C /* Norway.swift */ = {isa = PBXFileReference; lastKnownFileType = sourcecode.swift; path = Norway.swift; sourceTree = "<group>"; };
		6AD054C52A7C4EE600EFFF5C /* Romania.swift */ = {isa = PBXFileReference; lastKnownFileType = sourcecode.swift; path = Romania.swift; sourceTree = "<group>"; };
/* End PBXFileReference section */

/* Begin PBXFrameworksBuildPhase section */
		6A191DB22A79AFDC00D39CEA /* Frameworks */ = {
			isa = PBXFrameworksBuildPhase;
			buildActionMask = 2147483647;
			files = (
			);
			runOnlyForDeploymentPostprocessing = 0;
		};
/* End PBXFrameworksBuildPhase section */

/* Begin PBXGroup section */
		6A191DAC2A79AFDB00D39CEA = {
			isa = PBXGroup;
			children = (
				6A191DB72A79AFDC00D39CEA /* Partner practice */,
				6A191DB62A79AFDC00D39CEA /* Products */,
			);
			sourceTree = "<group>";
		};
		6A191DB62A79AFDC00D39CEA /* Products */ = {
			isa = PBXGroup;
			children = (
				6A191DB52A79AFDC00D39CEA /* Partner practice.app */,
			);
			name = Products;
			sourceTree = "<group>";
		};
		6A191DB72A79AFDC00D39CEA /* Partner practice */ = {
			isa = PBXGroup;
			children = (
				6A191DB82A79AFDC00D39CEA /* Partner_practiceApp.swift */,
				6AD054AB2A7C1A8600EFFF5C /* SecondPage.swift */,
				6AD054B32A7C2B8900EFFF5C /* Europe.swift */,
				6AD054B12A7C2B4E00EFFF5C /* SouthAmerica.swift */,
				6AD054AF2A7C24B600EFFF5C /* NorthAmerica.swift */,
				6AD054BF2A7C4EB000EFFF5C /* Argentina.swift */,
				6AD054C12A7C4EC900EFFF5C /* Colombia.swift */,
				6AD054C32A7C4ED500EFFF5C /* Norway.swift */,
				6AD054C52A7C4EE600EFFF5C /* Romania.swift */,
				6AD054BD2A7C4CA600EFFF5C /* Canada.swift */,
				6AD054BB2A7C44C600EFFF5C /* US.swift */,
				6A191DBA2A79AFDC00D39CEA /* ContentView.swift */,
				6AD054AD2A7C1B6E00EFFF5C /* Globalitem.swift */,
				6A191DBC2A79AFE000D39CEA /* Assets.xcassets */,
				6A191DBE2A79AFE000D39CEA /* Preview Content */,
			);
			path = "Partner practice";
			sourceTree = "<group>";
		};
		6A191DBE2A79AFE000D39CEA /* Preview Content */ = {
			isa = PBXGroup;
			children = (
				6A191DBF2A79AFE000D39CEA /* Preview Assets.xcassets */,
			);
			path = "Preview Content";
			sourceTree = "<group>";
		};
/* End PBXGroup section */

/* Begin PBXNativeTarget section */
		6A191DB42A79AFDC00D39CEA /* Partner practice */ = {
			isa = PBXNativeTarget;
			buildConfigurationList = 6A191DC32A79AFE000D39CEA /* Build configuration list for PBXNativeTarget "Partner practice" */;
			buildPhases = (
				6A191DB12A79AFDC00D39CEA /* Sources */,
				6A191DB22A79AFDC00D39CEA /* Frameworks */,
				6A191DB32A79AFDC00D39CEA /* Resources */,
			);
			buildRules = (
			);
			dependencies = (
			);
			name = "Partner practice";
			productName = "Partner practice";
			productReference = 6A191DB52A79AFDC00D39CEA /* Partner practice.app */;
			productType = "com.apple.product-type.application";
		};
/* End PBXNativeTarget section */

/* Begin PBXProject section */
		6A191DAD2A79AFDB00D39CEA /* Project object */ = {
			isa = PBXProject;
			attributes = {
				BuildIndependentTargetsInParallel = 1;
				LastSwiftUpdateCheck = 1430;
				LastUpgradeCheck = 1430;
				TargetAttributes = {
					6A191DB42A79AFDC00D39CEA = {
						CreatedOnToolsVersion = 14.3.1;
					};
				};
			};
			buildConfigurationList = 6A191DB02A79AFDB00D39CEA /* Build configuration list for PBXProject "Partner practice" */;
			compatibilityVersion = "Xcode 14.0";
			developmentRegion = en;
			hasScannedForEncodings = 0;
			knownRegions = (
				en,
				Base,
			);
			mainGroup = 6A191DAC2A79AFDB00D39CEA;
			productRefGroup = 6A191DB62A79AFDC00D39CEA /* Products */;
			projectDirPath = "";
			projectRoot = "";
			targets = (
				6A191DB42A79AFDC00D39CEA /* Partner practice */,
			);
		};
/* End PBXProject section */

/* Begin PBXResourcesBuildPhase section */
		6A191DB32A79AFDC00D39CEA /* Resources */ = {
			isa = PBXResourcesBuildPhase;
			buildActionMask = 2147483647;
			files = (
				6A191DC02A79AFE000D39CEA /* Preview Assets.xcassets in Resources */,
				6A191DBD2A79AFE000D39CEA /* Assets.xcassets in Resources */,
			);
			runOnlyForDeploymentPostprocessing = 0;
		};
/* End PBXResourcesBuildPhase section */

/* Begin PBXSourcesBuildPhase section */
		6A191DB12A79AFDC00D39CEA /* Sources */ = {
			isa = PBXSourcesBuildPhase;
			buildActionMask = 2147483647;
			files = (
				6AD054B22A7C2B4E00EFFF5C /* SouthAmerica.swift in Sources */,
				6AD054B42A7C2B8900EFFF5C /* Europe.swift in Sources */,
				6AD054AC2A7C1A8600EFFF5C /* SecondPage.swift in Sources */,
				6AD054C02A7C4EB000EFFF5C /* Argentina.swift in Sources */,
				6A191DBB2A79AFDC00D39CEA /* ContentView.swift in Sources */,
				6AD054BC2A7C44C600EFFF5C /* US.swift in Sources */,
				6AD054B02A7C24B600EFFF5C /* NorthAmerica.swift in Sources */,
				6AD054C22A7C4EC900EFFF5C /* Colombia.swift in Sources */,
				6A191DB92A79AFDC00D39CEA /* Partner_practiceApp.swift in Sources */,
				6AD054C42A7C4ED500EFFF5C /* Norway.swift in Sources */,
				6AD054AE2A7C1B6E00EFFF5C /* Globalitem.swift in Sources */,
				6AD054BE2A7C4CA600EFFF5C /* Canada.swift in Sources */,
				6AD054C62A7C4EE600EFFF5C /* Romania.swift in Sources */,
			);
			runOnlyForDeploymentPostprocessing = 0;
		};
/* End PBXSourcesBuildPhase section */

/* Begin XCBuildConfiguration section */
		6A191DC12A79AFE000D39CEA /* Debug */ = {
			isa = XCBuildConfiguration;
			buildSettings = {
				ALWAYS_SEARCH_USER_PATHS = NO;
				CLANG_ANALYZER_NONNULL = YES;
				CLANG_ANALYZER_NUMBER_OBJECT_CONVERSION = YES_AGGRESSIVE;
				CLANG_CXX_LANGUAGE_STANDARD = "gnu++20";
				CLANG_ENABLE_MODULES = YES;
				CLANG_ENABLE_OBJC_ARC = YES;
				CLANG_ENABLE_OBJC_WEAK = YES;
				CLANG_WARN_BLOCK_CAPTURE_AUTORELEASING = YES;
				CLANG_WARN_BOOL_CONVERSION = YES;
				CLANG_WARN_COMMA = YES;
				CLANG_WARN_CONSTANT_CONVERSION = YES;
				CLANG_WARN_DEPRECATED_OBJC_IMPLEMENTATIONS = YES;
				CLANG_WARN_DIRECT_OBJC_ISA_USAGE = YES_ERROR;
				CLANG_WARN_DOCUMENTATION_COMMENTS = YES;
				CLANG_WARN_EMPTY_BODY = YES;
				CLANG_WARN_ENUM_CONVERSION = YES;
				CLANG_WARN_INFINITE_RECURSION = YES;
				CLANG_WARN_INT_CONVERSION = YES;
				CLANG_WARN_NON_LITERAL_NULL_CONVERSION = YES;
				CLANG_WARN_OBJC_IMPLICIT_RETAIN_SELF = YES;
				CLANG_WARN_OBJC_LITERAL_CONVERSION = YES;
				CLANG_WARN_OBJC_ROOT_CLASS = YES_ERROR;
				CLANG_WARN_QUOTED_INCLUDE_IN_FRAMEWORK_HEADER = YES;
				CLANG_WARN_RANGE_LOOP_ANALYSIS = YES;
				CLANG_WARN_STRICT_PROTOTYPES = YES;
				CLANG_WARN_SUSPICIOUS_MOVE = YES;
				CLANG_WARN_UNGUARDED_AVAILABILITY = YES_AGGRESSIVE;
				CLANG_WARN_UNREACHABLE_CODE = YES;
				CLANG_WARN__DUPLICATE_METHOD_MATCH = YES;
				COPY_PHASE_STRIP = NO;
				DEBUG_INFORMATION_FORMAT = dwarf;
				ENABLE_STRICT_OBJC_MSGSEND = YES;
				ENABLE_TESTABILITY = YES;
				GCC_C_LANGUAGE_STANDARD = gnu11;
				GCC_DYNAMIC_NO_PIC = NO;
				GCC_NO_COMMON_BLOCKS = YES;
				GCC_OPTIMIZATION_LEVEL = 0;
				GCC_PREPROCESSOR_DEFINITIONS = (
					"DEBUG=1",
					"$(inherited)",
				);
				GCC_WARN_64_TO_32_BIT_CONVERSION = YES;
				GCC_WARN_ABOUT_RETURN_TYPE = YES_ERROR;
				GCC_WARN_UNDECLARED_SELECTOR = YES;
				GCC_WARN_UNINITIALIZED_AUTOS = YES_AGGRESSIVE;
				GCC_WARN_UNUSED_FUNCTION = YES;
				GCC_WARN_UNUSED_VARIABLE = YES;
				IPHONEOS_DEPLOYMENT_TARGET = 16.4;
				MTL_ENABLE_DEBUG_INFO = INCLUDE_SOURCE;
				MTL_FAST_MATH = YES;
				ONLY_ACTIVE_ARCH = YES;
				SDKROOT = iphoneos;
				SWIFT_ACTIVE_COMPILATION_CONDITIONS = DEBUG;
				SWIFT_OPTIMIZATION_LEVEL = "-Onone";
			};
			name = Debug;
		};
		6A191DC22A79AFE000D39CEA /* Release */ = {
			isa = XCBuildConfiguration;
			buildSettings = {
				ALWAYS_SEARCH_USER_PATHS = NO;
				CLANG_ANALYZER_NONNULL = YES;
				CLANG_ANALYZER_NUMBER_OBJECT_CONVERSION = YES_AGGRESSIVE;
				CLANG_CXX_LANGUAGE_STANDARD = "gnu++20";
				CLANG_ENABLE_MODULES = YES;
				CLANG_ENABLE_OBJC_ARC = YES;
				CLANG_ENABLE_OBJC_WEAK = YES;
				CLANG_WARN_BLOCK_CAPTURE_AUTORELEASING = YES;
				CLANG_WARN_BOOL_CONVERSION = YES;
				CLANG_WARN_COMMA = YES;
				CLANG_WARN_CONSTANT_CONVERSION = YES;
				CLANG_WARN_DEPRECATED_OBJC_IMPLEMENTATIONS = YES;
				CLANG_WARN_DIRECT_OBJC_ISA_USAGE = YES_ERROR;
				CLANG_WARN_DOCUMENTATION_COMMENTS = YES;
				CLANG_WARN_EMPTY_BODY = YES;
				CLANG_WARN_ENUM_CONVERSION = YES;
				CLANG_WARN_INFINITE_RECURSION = YES;
				CLANG_WARN_INT_CONVERSION = YES;
				CLANG_WARN_NON_LITERAL_NULL_CONVERSION = YES;
				CLANG_WARN_OBJC_IMPLICIT_RETAIN_SELF = YES;
				CLANG_WARN_OBJC_LITERAL_CONVERSION = YES;
				CLANG_WARN_OBJC_ROOT_CLASS = YES_ERROR;
				CLANG_WARN_QUOTED_INCLUDE_IN_FRAMEWORK_HEADER = YES;
				CLANG_WARN_RANGE_LOOP_ANALYSIS = YES;
				CLANG_WARN_STRICT_PROTOTYPES = YES;
				CLANG_WARN_SUSPICIOUS_MOVE = YES;
				CLANG_WARN_UNGUARDED_AVAILABILITY = YES_AGGRESSIVE;
				CLANG_WARN_UNREACHABLE_CODE = YES;
				CLANG_WARN__DUPLICATE_METHOD_MATCH = YES;
				COPY_PHASE_STRIP = NO;
				DEBUG_INFORMATION_FORMAT = "dwarf-with-dsym";
				ENABLE_NS_ASSERTIONS = NO;
				ENABLE_STRICT_OBJC_MSGSEND = YES;
				GCC_C_LANGUAGE_STANDARD = gnu11;
				GCC_NO_COMMON_BLOCKS = YES;
				GCC_WARN_64_TO_32_BIT_CONVERSION = YES;
				GCC_WARN_ABOUT_RETURN_TYPE = YES_ERROR;
				GCC_WARN_UNDECLARED_SELECTOR = YES;
				GCC_WARN_UNINITIALIZED_AUTOS = YES_AGGRESSIVE;
				GCC_WARN_UNUSED_FUNCTION = YES;
				GCC_WARN_UNUSED_VARIABLE = YES;
				IPHONEOS_DEPLOYMENT_TARGET = 16.4;
				MTL_ENABLE_DEBUG_INFO = NO;
				MTL_FAST_MATH = YES;
				SDKROOT = iphoneos;
				SWIFT_COMPILATION_MODE = wholemodule;
				SWIFT_OPTIMIZATION_LEVEL = "-O";
				VALIDATE_PRODUCT = YES;
			};
			name = Release;
		};
		6A191DC42A79AFE000D39CEA /* Debug */ = {
			isa = XCBuildConfiguration;
			buildSettings = {
				ASSETCATALOG_COMPILER_APPICON_NAME = AppIcon;
				ASSETCATALOG_COMPILER_GLOBAL_ACCENT_COLOR_NAME = AccentColor;
				CODE_SIGN_STYLE = Automatic;
				CURRENT_PROJECT_VERSION = 1;
				DEVELOPMENT_ASSET_PATHS = "\"Partner practice/Preview Content\"";
				ENABLE_PREVIEWS = YES;
				GENERATE_INFOPLIST_FILE = YES;
				INFOPLIST_KEY_UIApplicationSceneManifest_Generation = YES;
				INFOPLIST_KEY_UIApplicationSupportsIndirectInputEvents = YES;
				INFOPLIST_KEY_UILaunchScreen_Generation = YES;
				INFOPLIST_KEY_UISupportedInterfaceOrientations_iPad = "UIInterfaceOrientationPortrait UIInterfaceOrientationPortraitUpsideDown UIInterfaceOrientationLandscapeLeft UIInterfaceOrientationLandscapeRight";
				INFOPLIST_KEY_UISupportedInterfaceOrientations_iPhone = "UIInterfaceOrientationPortrait UIInterfaceOrientationLandscapeLeft UIInterfaceOrientationLandscapeRight";
				LD_RUNPATH_SEARCH_PATHS = (
					"$(inherited)",
					"@executable_path/Frameworks",
				);
				MARKETING_VERSION = 1.0;
				PRODUCT_BUNDLE_IDENTIFIER = "KWK.Partner-practice";
				PRODUCT_NAME = "$(TARGET_NAME)";
				SWIFT_EMIT_LOC_STRINGS = YES;
				SWIFT_VERSION = 5.0;
				TARGETED_DEVICE_FAMILY = "1,2";
			};
			name = Debug;
		};
		6A191DC52A79AFE000D39CEA /* Release */ = {
			isa = XCBuildConfiguration;
			buildSettings = {
				ASSETCATALOG_COMPILER_APPICON_NAME = AppIcon;
				ASSETCATALOG_COMPILER_GLOBAL_ACCENT_COLOR_NAME = AccentColor;
				CODE_SIGN_STYLE = Automatic;
				CURRENT_PROJECT_VERSION = 1;
				DEVELOPMENT_ASSET_PATHS = "\"Partner practice/Preview Content\"";
				ENABLE_PREVIEWS = YES;
				GENERATE_INFOPLIST_FILE = YES;
				INFOPLIST_KEY_UIApplicationSceneManifest_Generation = YES;
				INFOPLIST_KEY_UIApplicationSupportsIndirectInputEvents = YES;
				INFOPLIST_KEY_UILaunchScreen_Generation = YES;
				INFOPLIST_KEY_UISupportedInterfaceOrientations_iPad = "UIInterfaceOrientationPortrait UIInterfaceOrientationPortraitUpsideDown UIInterfaceOrientationLandscapeLeft UIInterfaceOrientationLandscapeRight";
				INFOPLIST_KEY_UISupportedInterfaceOrientations_iPhone = "UIInterfaceOrientationPortrait UIInterfaceOrientationLandscapeLeft UIInterfaceOrientationLandscapeRight";
				LD_RUNPATH_SEARCH_PATHS = (
					"$(inherited)",
					"@executable_path/Frameworks",
				);
				MARKETING_VERSION = 1.0;
				PRODUCT_BUNDLE_IDENTIFIER = "KWK.Partner-practice";
				PRODUCT_NAME = "$(TARGET_NAME)";
				SWIFT_EMIT_LOC_STRINGS = YES;
				SWIFT_VERSION = 5.0;
				TARGETED_DEVICE_FAMILY = "1,2";
			};
			name = Release;
		};
/* End XCBuildConfiguration section */

/* Begin XCConfigurationList section */
		6A191DB02A79AFDB00D39CEA /* Build configuration list for PBXProject "Partner practice" */ = {
			isa = XCConfigurationList;
			buildConfigurations = (
				6A191DC12A79AFE000D39CEA /* Debug */,
				6A191DC22A79AFE000D39CEA /* Release */,
			);
			defaultConfigurationIsVisible = 0;
			defaultConfigurationName = Release;
		};
		6A191DC32A79AFE000D39CEA /* Build configuration list for PBXNativeTarget "Partner practice" */ = {
			isa = XCConfigurationList;
			buildConfigurations = (
				6A191DC42A79AFE000D39CEA /* Debug */,
				6A191DC52A79AFE000D39CEA /* Release */,
			);
			defaultConfigurationIsVisible = 0;
			defaultConfigurationName = Release;
		};
/* End XCConfigurationList section */
	};
	rootObject = 6A191DAD2A79AFDB00D39CEA /* Project object */;
}
